// !$*UTF8*$!
{
	archiveVersion = 1;
	classes = {
	};
	objectVersion = 46;
	objects = {

/* Begin PBXBuildFile section */
		A1670FA919DFAF59001765EB /* JXPaperCanvasView.m in Sources */ = {isa = PBXBuildFile; fileRef = A1670FA819DFAF59001765EB /* JXPaperCanvasView.m */; };
		A1670FAC19DFAF91001765EB /* JXCanvasView.m in Sources */ = {isa = PBXBuildFile; fileRef = A1670FAB19DFAF91001765EB /* JXCanvasView.m */; };
		A1670FAF19DFB0F8001765EB /* JXClothCanvasView.m in Sources */ = {isa = PBXBuildFile; fileRef = A1670FAE19DFB0F8001765EB /* JXClothCanvasView.m */; };
		A1670FB419DFB308001765EB /* JXCanvasViewGenerator.m in Sources */ = {isa = PBXBuildFile; fileRef = A1670FB319DFB308001765EB /* JXCanvasViewGenerator.m */; };
		A1670FB719DFB396001765EB /* JXPaperCanvasViewGenerator.m in Sources */ = {isa = PBXBuildFile; fileRef = A1670FB619DFB396001765EB /* JXPaperCanvasViewGenerator.m */; };
		A1670FBA19DFB41E001765EB /* JXClothCanvasViewGenerator.m in Sources */ = {isa = PBXBuildFile; fileRef = A1670FB919DFB41E001765EB /* JXClothCanvasViewGenerator.m */; };
		A1670FBE19DFB891001765EB /* JXBrandingFactory.m in Sources */ = {isa = PBXBuildFile; fileRef = A1670FBD19DFB891001765EB /* JXBrandingFactory.m */; };
		A1670FC119DFBC63001765EB /* JXAcmeBrandingFactory.m in Sources */ = {isa = PBXBuildFile; fileRef = A1670FC019DFBC63001765EB /* JXAcmeBrandingFactory.m */; };
		A1670FC419DFBD86001765EB /* JXSierraBrandingFactory.m in Sources */ = {isa = PBXBuildFile; fileRef = A1670FC319DFBD86001765EB /* JXSierraBrandingFactory.m */; };
		A1670FCA19DFBF79001765EB /* JXAcmeView.m in Sources */ = {isa = PBXBuildFile; fileRef = A1670FC919DFBF79001765EB /* JXAcmeView.m */; };
		A1670FCD19DFBF92001765EB /* JXAcmeMainButton.m in Sources */ = {isa = PBXBuildFile; fileRef = A1670FCC19DFBF92001765EB /* JXAcmeMainButton.m */; };
		A1670FD019DFBFA3001765EB /* JXAcmeToolbar.m in Sources */ = {isa = PBXBuildFile; fileRef = A1670FCF19DFBFA3001765EB /* JXAcmeToolbar.m */; };
		A1670FD319DFC0B5001765EB /* JXSierraToolbar.m in Sources */ = {isa = PBXBuildFile; fileRef = A1670FD219DFC0B5001765EB /* JXSierraToolbar.m */; };
		A1670FD619DFC0CC001765EB /* JXSierraView.m in Sources */ = {isa = PBXBuildFile; fileRef = A1670FD519DFC0CC001765EB /* JXSierraView.m */; };
		A1670FD919DFC0EA001765EB /* JXSierraMainButton.m in Sources */ = {isa = PBXBuildFile; fileRef = A1670FD819DFC0EA001765EB /* JXSierraMainButton.m */; };
		A1670FDD19DFC281001765EB /* JXCharacter.m in Sources */ = {isa = PBXBuildFile; fileRef = A1670FDC19DFC281001765EB /* JXCharacter.m */; };
		A1670FE019DFC44B001765EB /* JXCharacterBuilder.m in Sources */ = {isa = PBXBuildFile; fileRef = A1670FDF19DFC44B001765EB /* JXCharacterBuilder.m */; };
		A1670FE319DFD166001765EB /* JXStandardCharacterBuilder.m in Sources */ = {isa = PBXBuildFile; fileRef = A1670FE219DFD166001765EB /* JXStandardCharacterBuilder.m */; };
		A1670FE619DFD35C001765EB /* JXChasingGame.m in Sources */ = {isa = PBXBuildFile; fileRef = A1670FE519DFD35C001765EB /* JXChasingGame.m */; };
		A1670FEA19DFD66D001765EB /* JXCommand.m in Sources */ = {isa = PBXBuildFile; fileRef = A1670FE919DFD66D001765EB /* JXCommand.m */; };
		A1670FED19DFD7BD001765EB /* JXSetStrokeColorCommand.m in Sources */ = {isa = PBXBuildFile; fileRef = A1670FEC19DFD7BD001765EB /* JXSetStrokeColorCommand.m */; };
		A1670FF019DFDC1E001765EB /* JXCoordinatingController.m in Sources */ = {isa = PBXBuildFile; fileRef = A1670FEF19DFDC1E001765EB /* JXCoordinatingController.m */; };
		A1670FF319DFE765001765EB /* JXCommandSlider.m in Sources */ = {isa = PBXBuildFile; fileRef = A1670FF219DFE765001765EB /* JXCommandSlider.m */; };
		A1670FF719DFED09001765EB /* JXConsoleEmulator.m in Sources */ = {isa = PBXBuildFile; fileRef = A1670FF619DFED09001765EB /* JXConsoleEmulator.m */; };
		A1670FFA19DFEF05001765EB /* JXGameBoyEmulator.m in Sources */ = {isa = PBXBuildFile; fileRef = A1670FF919DFEF05001765EB /* JXGameBoyEmulator.m */; };
		A1670FFD19DFEF4E001765EB /* JXGameGearEmulator.m in Sources */ = {isa = PBXBuildFile; fileRef = A1670FFC19DFEF4E001765EB /* JXGameGearEmulator.m */; };
		A167100119DFF12F001765EB /* JXConsoleController.m in Sources */ = {isa = PBXBuildFile; fileRef = A167100019DFF12F001765EB /* JXConsoleController.m */; };
		A167100419DFF263001765EB /* JXTouchConsoleController.m in Sources */ = {isa = PBXBuildFile; fileRef = A167100319DFF263001765EB /* JXTouchConsoleController.m */; };
		A1A314F319DEE7E200839C7F /* Foundation.framework in Frameworks */ = {isa = PBXBuildFile; fileRef = A1A314F219DEE7E200839C7F /* Foundation.framework */; };
		A1A314F519DEE7E200839C7F /* CoreGraphics.framework in Frameworks */ = {isa = PBXBuildFile; fileRef = A1A314F419DEE7E200839C7F /* CoreGraphics.framework */; };
		A1A314F719DEE7E200839C7F /* UIKit.framework in Frameworks */ = {isa = PBXBuildFile; fileRef = A1A314F619DEE7E200839C7F /* UIKit.framework */; };
		A1A314FD19DEE7E200839C7F /* InfoPlist.strings in Resources */ = {isa = PBXBuildFile; fileRef = A1A314FB19DEE7E200839C7F /* InfoPlist.strings */; };
		A1A314FF19DEE7E200839C7F /* main.m in Sources */ = {isa = PBXBuildFile; fileRef = A1A314FE19DEE7E200839C7F /* main.m */; };
		A1A3150319DEE7E200839C7F /* JXAppDelegate.m in Sources */ = {isa = PBXBuildFile; fileRef = A1A3150219DEE7E200839C7F /* JXAppDelegate.m */; };
		A1A3150519DEE7E200839C7F /* Images.xcassets in Resources */ = {isa = PBXBuildFile; fileRef = A1A3150419DEE7E200839C7F /* Images.xcassets */; };
		A1A3150C19DEE7E200839C7F /* XCTest.framework in Frameworks */ = {isa = PBXBuildFile; fileRef = A1A3150B19DEE7E200839C7F /* XCTest.framework */; };
		A1A3150D19DEE7E200839C7F /* Foundation.framework in Frameworks */ = {isa = PBXBuildFile; fileRef = A1A314F219DEE7E200839C7F /* Foundation.framework */; };
		A1A3150E19DEE7E200839C7F /* UIKit.framework in Frameworks */ = {isa = PBXBuildFile; fileRef = A1A314F619DEE7E200839C7F /* UIKit.framework */; };
		A1A3151619DEE7E200839C7F /* InfoPlist.strings in Resources */ = {isa = PBXBuildFile; fileRef = A1A3151419DEE7E200839C7F /* InfoPlist.strings */; };
		A1A3151819DEE7E200839C7F /* JXScrawlTests.m in Sources */ = {isa = PBXBuildFile; fileRef = A1A3151719DEE7E200839C7F /* JXScrawlTests.m */; };
		A1A3153319DEE82800839C7F /* JXDot.m in Sources */ = {isa = PBXBuildFile; fileRef = A1A3152419DEE82800839C7F /* JXDot.m */; };
		A1A3153419DEE82800839C7F /* JXStroke.m in Sources */ = {isa = PBXBuildFile; fileRef = A1A3152719DEE82800839C7F /* JXStroke.m */; };
		A1A3153519DEE82800839C7F /* JXVertex.m in Sources */ = {isa = PBXBuildFile; fileRef = A1A3152919DEE82800839C7F /* JXVertex.m */; };
		A1A3153619DEE82800839C7F /* JXCanvasViewController.m in Sources */ = {isa = PBXBuildFile; fileRef = A1A3152C19DEE82800839C7F /* JXCanvasViewController.m */; };
		A1A3153719DEE82800839C7F /* JXPaletteViewController.m in Sources */ = {isa = PBXBuildFile; fileRef = A1A3152E19DEE82800839C7F /* JXPaletteViewController.m */; };
		A1A3153819DEE82800839C7F /* JXThumbnailViewController.m in Sources */ = {isa = PBXBuildFile; fileRef = A1A3153019DEE82800839C7F /* JXThumbnailViewController.m */; };
		A1A3153919DEE82800839C7F /* JXViewController.m in Sources */ = {isa = PBXBuildFile; fileRef = A1A3153219DEE82800839C7F /* JXViewController.m */; };
/* End PBXBuildFile section */

/* Begin PBXContainerItemProxy section */
		A1A3150F19DEE7E200839C7F /* PBXContainerItemProxy */ = {
			isa = PBXContainerItemProxy;
			containerPortal = A1A314E719DEE7E200839C7F /* Project object */;
			proxyType = 1;
			remoteGlobalIDString = A1A314EE19DEE7E200839C7F;
			remoteInfo = JXScrawl;
		};
/* End PBXContainerItemProxy section */

/* Begin PBXFileReference section */
		A1670FA719DFAF59001765EB /* JXPaperCanvasView.h */ = {isa = PBXFileReference; fileEncoding = 4; lastKnownFileType = sourcecode.c.h; path = JXPaperCanvasView.h; sourceTree = "<group>"; };
		A1670FA819DFAF59001765EB /* JXPaperCanvasView.m */ = {isa = PBXFileReference; fileEncoding = 4; lastKnownFileType = sourcecode.c.objc; path = JXPaperCanvasView.m; sourceTree = "<group>"; };
		A1670FAA19DFAF91001765EB /* JXCanvasView.h */ = {isa = PBXFileReference; fileEncoding = 4; lastKnownFileType = sourcecode.c.h; path = JXCanvasView.h; sourceTree = "<group>"; };
		A1670FAB19DFAF91001765EB /* JXCanvasView.m */ = {isa = PBXFileReference; fileEncoding = 4; lastKnownFileType = sourcecode.c.objc; path = JXCanvasView.m; sourceTree = "<group>"; };
		A1670FAD19DFB0F8001765EB /* JXClothCanvasView.h */ = {isa = PBXFileReference; fileEncoding = 4; lastKnownFileType = sourcecode.c.h; path = JXClothCanvasView.h; sourceTree = "<group>"; };
		A1670FAE19DFB0F8001765EB /* JXClothCanvasView.m */ = {isa = PBXFileReference; fileEncoding = 4; lastKnownFileType = sourcecode.c.objc; path = JXClothCanvasView.m; sourceTree = "<group>"; };
		A1670FB219DFB308001765EB /* JXCanvasViewGenerator.h */ = {isa = PBXFileReference; fileEncoding = 4; lastKnownFileType = sourcecode.c.h; path = JXCanvasViewGenerator.h; sourceTree = "<group>"; };
		A1670FB319DFB308001765EB /* JXCanvasViewGenerator.m */ = {isa = PBXFileReference; fileEncoding = 4; lastKnownFileType = sourcecode.c.objc; path = JXCanvasViewGenerator.m; sourceTree = "<group>"; };
		A1670FB519DFB396001765EB /* JXPaperCanvasViewGenerator.h */ = {isa = PBXFileReference; fileEncoding = 4; lastKnownFileType = sourcecode.c.h; path = JXPaperCanvasViewGenerator.h; sourceTree = "<group>"; };
		A1670FB619DFB396001765EB /* JXPaperCanvasViewGenerator.m */ = {isa = PBXFileReference; fileEncoding = 4; lastKnownFileType = sourcecode.c.objc; path = JXPaperCanvasViewGenerator.m; sourceTree = "<group>"; };
		A1670FB819DFB41E001765EB /* JXClothCanvasViewGenerator.h */ = {isa = PBXFileReference; fileEncoding = 4; lastKnownFileType = sourcecode.c.h; path = JXClothCanvasViewGenerator.h; sourceTree = "<group>"; };
		A1670FB919DFB41E001765EB /* JXClothCanvasViewGenerator.m */ = {isa = PBXFileReference; fileEncoding = 4; lastKnownFileType = sourcecode.c.objc; path = JXClothCanvasViewGenerator.m; sourceTree = "<group>"; };
		A1670FBC19DFB891001765EB /* JXBrandingFactory.h */ = {isa = PBXFileReference; fileEncoding = 4; lastKnownFileType = sourcecode.c.h; path = JXBrandingFactory.h; sourceTree = "<group>"; };
		A1670FBD19DFB891001765EB /* JXBrandingFactory.m */ = {isa = PBXFileReference; fileEncoding = 4; lastKnownFileType = sourcecode.c.objc; path = JXBrandingFactory.m; sourceTree = "<group>"; };
		A1670FBF19DFBC63001765EB /* JXAcmeBrandingFactory.h */ = {isa = PBXFileReference; fileEncoding = 4; lastKnownFileType = sourcecode.c.h; path = JXAcmeBrandingFactory.h; sourceTree = "<group>"; };
		A1670FC019DFBC63001765EB /* JXAcmeBrandingFactory.m */ = {isa = PBXFileReference; fileEncoding = 4; lastKnownFileType = sourcecode.c.objc; path = JXAcmeBrandingFactory.m; sourceTree = "<group>"; };
		A1670FC219DFBD86001765EB /* JXSierraBrandingFactory.h */ = {isa = PBXFileReference; fileEncoding = 4; lastKnownFileType = sourcecode.c.h; path = JXSierraBrandingFactory.h; sourceTree = "<group>"; };
		A1670FC319DFBD86001765EB /* JXSierraBrandingFactory.m */ = {isa = PBXFileReference; fileEncoding = 4; lastKnownFileType = sourcecode.c.objc; path = JXSierraBrandingFactory.m; sourceTree = "<group>"; };
		A1670FC819DFBF79001765EB /* JXAcmeView.h */ = {isa = PBXFileReference; fileEncoding = 4; lastKnownFileType = sourcecode.c.h; path = JXAcmeView.h; sourceTree = "<group>"; };
		A1670FC919DFBF79001765EB /* JXAcmeView.m */ = {isa = PBXFileReference; fileEncoding = 4; lastKnownFileType = sourcecode.c.objc; path = JXAcmeView.m; sourceTree = "<group>"; };
		A1670FCB19DFBF92001765EB /* JXAcmeMainButton.h */ = {isa = PBXFileReference; fileEncoding = 4; lastKnownFileType = sourcecode.c.h; path = JXAcmeMainButton.h; sourceTree = "<group>"; };
		A1670FCC19DFBF92001765EB /* JXAcmeMainButton.m */ = {isa = PBXFileReference; fileEncoding = 4; lastKnownFileType = sourcecode.c.objc; path = JXAcmeMainButton.m; sourceTree = "<group>"; };
		A1670FCE19DFBFA3001765EB /* JXAcmeToolbar.h */ = {isa = PBXFileReference; fileEncoding = 4; lastKnownFileType = sourcecode.c.h; path = JXAcmeToolbar.h; sourceTree = "<group>"; };
		A1670FCF19DFBFA3001765EB /* JXAcmeToolbar.m */ = {isa = PBXFileReference; fileEncoding = 4; lastKnownFileType = sourcecode.c.objc; path = JXAcmeToolbar.m; sourceTree = "<group>"; };
		A1670FD119DFC0B5001765EB /* JXSierraToolbar.h */ = {isa = PBXFileReference; fileEncoding = 4; lastKnownFileType = sourcecode.c.h; path = JXSierraToolbar.h; sourceTree = "<group>"; };
		A1670FD219DFC0B5001765EB /* JXSierraToolbar.m */ = {isa = PBXFileReference; fileEncoding = 4; lastKnownFileType = sourcecode.c.objc; path = JXSierraToolbar.m; sourceTree = "<group>"; };
		A1670FD419DFC0CC001765EB /* JXSierraView.h */ = {isa = PBXFileReference; fileEncoding = 4; lastKnownFileType = sourcecode.c.h; path = JXSierraView.h; sourceTree = "<group>"; };
		A1670FD519DFC0CC001765EB /* JXSierraView.m */ = {isa = PBXFileReference; fileEncoding = 4; lastKnownFileType = sourcecode.c.objc; path = JXSierraView.m; sourceTree = "<group>"; };
		A1670FD719DFC0EA001765EB /* JXSierraMainButton.h */ = {isa = PBXFileReference; fileEncoding = 4; lastKnownFileType = sourcecode.c.h; path = JXSierraMainButton.h; sourceTree = "<group>"; };
		A1670FD819DFC0EA001765EB /* JXSierraMainButton.m */ = {isa = PBXFileReference; fileEncoding = 4; lastKnownFileType = sourcecode.c.objc; path = JXSierraMainButton.m; sourceTree = "<group>"; };
		A1670FDB19DFC281001765EB /* JXCharacter.h */ = {isa = PBXFileReference; fileEncoding = 4; lastKnownFileType = sourcecode.c.h; path = JXCharacter.h; sourceTree = "<group>"; };
		A1670FDC19DFC281001765EB /* JXCharacter.m */ = {isa = PBXFileReference; fileEncoding = 4; lastKnownFileType = sourcecode.c.objc; path = JXCharacter.m; sourceTree = "<group>"; };
		A1670FDE19DFC44B001765EB /* JXCharacterBuilder.h */ = {isa = PBXFileReference; fileEncoding = 4; lastKnownFileType = sourcecode.c.h; path = JXCharacterBuilder.h; sourceTree = "<group>"; };
		A1670FDF19DFC44B001765EB /* JXCharacterBuilder.m */ = {isa = PBXFileReference; fileEncoding = 4; lastKnownFileType = sourcecode.c.objc; path = JXCharacterBuilder.m; sourceTree = "<group>"; };
		A1670FE119DFD166001765EB /* JXStandardCharacterBuilder.h */ = {isa = PBXFileReference; fileEncoding = 4; lastKnownFileType = sourcecode.c.h; path = JXStandardCharacterBuilder.h; sourceTree = "<group>"; };
		A1670FE219DFD166001765EB /* JXStandardCharacterBuilder.m */ = {isa = PBXFileReference; fileEncoding = 4; lastKnownFileType = sourcecode.c.objc; path = JXStandardCharacterBuilder.m; sourceTree = "<group>"; };
		A1670FE419DFD35C001765EB /* JXChasingGame.h */ = {isa = PBXFileReference; fileEncoding = 4; lastKnownFileType = sourcecode.c.h; path = JXChasingGame.h; sourceTree = "<group>"; };
		A1670FE519DFD35C001765EB /* JXChasingGame.m */ = {isa = PBXFileReference; fileEncoding = 4; lastKnownFileType = sourcecode.c.objc; path = JXChasingGame.m; sourceTree = "<group>"; };
		A1670FE819DFD66D001765EB /* JXCommand.h */ = {isa = PBXFileReference; fileEncoding = 4; lastKnownFileType = sourcecode.c.h; path = JXCommand.h; sourceTree = "<group>"; };
		A1670FE919DFD66D001765EB /* JXCommand.m */ = {isa = PBXFileReference; fileEncoding = 4; lastKnownFileType = sourcecode.c.objc; path = JXCommand.m; sourceTree = "<group>"; };
		A1670FEB19DFD7BD001765EB /* JXSetStrokeColorCommand.h */ = {isa = PBXFileReference; fileEncoding = 4; lastKnownFileType = sourcecode.c.h; path = JXSetStrokeColorCommand.h; sourceTree = "<group>"; };
		A1670FEC19DFD7BD001765EB /* JXSetStrokeColorCommand.m */ = {isa = PBXFileReference; fileEncoding = 4; lastKnownFileType = sourcecode.c.objc; path = JXSetStrokeColorCommand.m; sourceTree = "<group>"; };
		A1670FEE19DFDC1E001765EB /* JXCoordinatingController.h */ = {isa = PBXFileReference; fileEncoding = 4; lastKnownFileType = sourcecode.c.h; path = JXCoordinatingController.h; sourceTree = "<group>"; };
		A1670FEF19DFDC1E001765EB /* JXCoordinatingController.m */ = {isa = PBXFileReference; fileEncoding = 4; lastKnownFileType = sourcecode.c.objc; path = JXCoordinatingController.m; sourceTree = "<group>"; };
		A1670FF119DFE765001765EB /* JXCommandSlider.h */ = {isa = PBXFileReference; fileEncoding = 4; lastKnownFileType = sourcecode.c.h; path = JXCommandSlider.h; sourceTree = "<group>"; };
		A1670FF219DFE765001765EB /* JXCommandSlider.m */ = {isa = PBXFileReference; fileEncoding = 4; lastKnownFileType = sourcecode.c.objc; path = JXCommandSlider.m; sourceTree = "<group>"; };
		A1670FF519DFED09001765EB /* JXConsoleEmulator.h */ = {isa = PBXFileReference; fileEncoding = 4; lastKnownFileType = sourcecode.c.h; path = JXConsoleEmulator.h; sourceTree = "<group>"; };
		A1670FF619DFED09001765EB /* JXConsoleEmulator.m */ = {isa = PBXFileReference; fileEncoding = 4; lastKnownFileType = sourcecode.c.objc; path = JXConsoleEmulator.m; sourceTree = "<group>"; };
		A1670FF819DFEF05001765EB /* JXGameBoyEmulator.h */ = {isa = PBXFileReference; fileEncoding = 4; lastKnownFileType = sourcecode.c.h; path = JXGameBoyEmulator.h; sourceTree = "<group>"; };
		A1670FF919DFEF05001765EB /* JXGameBoyEmulator.m */ = {isa = PBXFileReference; fileEncoding = 4; lastKnownFileType = sourcecode.c.objc; path = JXGameBoyEmulator.m; sourceTree = "<group>"; };
		A1670FFB19DFEF4E001765EB /* JXGameGearEmulator.h */ = {isa = PBXFileReference; fileEncoding = 4; lastKnownFileType = sourcecode.c.h; path = JXGameGearEmulator.h; sourceTree = "<group>"; };
		A1670FFC19DFEF4E001765EB /* JXGameGearEmulator.m */ = {isa = PBXFileReference; fileEncoding = 4; lastKnownFileType = sourcecode.c.objc; path = JXGameGearEmulator.m; sourceTree = "<group>"; };
		A1670FFE19DFF090001765EB /* JXConsoleCommands.h */ = {isa = PBXFileReference; fileEncoding = 4; lastKnownFileType = sourcecode.c.h; path = JXConsoleCommands.h; sourceTree = "<group>"; };
		A1670FFF19DFF12F001765EB /* JXConsoleController.h */ = {isa = PBXFileReference; fileEncoding = 4; lastKnownFileType = sourcecode.c.h; path = JXConsoleController.h; sourceTree = "<group>"; };
		A167100019DFF12F001765EB /* JXConsoleController.m */ = {isa = PBXFileReference; fileEncoding = 4; lastKnownFileType = sourcecode.c.objc; path = JXConsoleController.m; sourceTree = "<group>"; };
		A167100219DFF263001765EB /* JXTouchConsoleController.h */ = {isa = PBXFileReference; fileEncoding = 4; lastKnownFileType = sourcecode.c.h; path = JXTouchConsoleController.h; sourceTree = "<group>"; };
		A167100319DFF263001765EB /* JXTouchConsoleController.m */ = {isa = PBXFileReference; fileEncoding = 4; lastKnownFileType = sourcecode.c.objc; path = JXTouchConsoleController.m; sourceTree = "<group>"; };
		A1A314EF19DEE7E200839C7F /* JXScrawl.app */ = {isa = PBXFileReference; explicitFileType = wrapper.application; includeInIndex = 0; path = JXScrawl.app; sourceTree = BUILT_PRODUCTS_DIR; };
		A1A314F219DEE7E200839C7F /* Foundation.framework */ = {isa = PBXFileReference; lastKnownFileType = wrapper.framework; name = Foundation.framework; path = System/Library/Frameworks/Foundation.framework; sourceTree = SDKROOT; };
		A1A314F419DEE7E200839C7F /* CoreGraphics.framework */ = {isa = PBXFileReference; lastKnownFileType = wrapper.framework; name = CoreGraphics.framework; path = System/Library/Frameworks/CoreGraphics.framework; sourceTree = SDKROOT; };
		A1A314F619DEE7E200839C7F /* UIKit.framework */ = {isa = PBXFileReference; lastKnownFileType = wrapper.framework; name = UIKit.framework; path = System/Library/Frameworks/UIKit.framework; sourceTree = SDKROOT; };
		A1A314FA19DEE7E200839C7F /* JXScrawl-Info.plist */ = {isa = PBXFileReference; lastKnownFileType = text.plist.xml; path = "JXScrawl-Info.plist"; sourceTree = "<group>"; };
		A1A314FC19DEE7E200839C7F /* en */ = {isa = PBXFileReference; lastKnownFileType = text.plist.strings; name = en; path = en.lproj/InfoPlist.strings; sourceTree = "<group>"; };
		A1A314FE19DEE7E200839C7F /* main.m */ = {isa = PBXFileReference; lastKnownFileType = sourcecode.c.objc; path = main.m; sourceTree = "<group>"; };
		A1A3150019DEE7E200839C7F /* JXScrawl-Prefix.pch */ = {isa = PBXFileReference; lastKnownFileType = sourcecode.c.h; path = "JXScrawl-Prefix.pch"; sourceTree = "<group>"; };
		A1A3150119DEE7E200839C7F /* JXAppDelegate.h */ = {isa = PBXFileReference; lastKnownFileType = sourcecode.c.h; path = JXAppDelegate.h; sourceTree = "<group>"; };
		A1A3150219DEE7E200839C7F /* JXAppDelegate.m */ = {isa = PBXFileReference; lastKnownFileType = sourcecode.c.objc; path = JXAppDelegate.m; sourceTree = "<group>"; };
		A1A3150419DEE7E200839C7F /* Images.xcassets */ = {isa = PBXFileReference; lastKnownFileType = folder.assetcatalog; path = Images.xcassets; sourceTree = "<group>"; };
		A1A3150A19DEE7E200839C7F /* JXScrawlTests.xctest */ = {isa = PBXFileReference; explicitFileType = wrapper.cfbundle; includeInIndex = 0; path = JXScrawlTests.xctest; sourceTree = BUILT_PRODUCTS_DIR; };
		A1A3150B19DEE7E200839C7F /* XCTest.framework */ = {isa = PBXFileReference; lastKnownFileType = wrapper.framework; name = XCTest.framework; path = Library/Frameworks/XCTest.framework; sourceTree = DEVELOPER_DIR; };
		A1A3151319DEE7E200839C7F /* JXScrawlTests-Info.plist */ = {isa = PBXFileReference; lastKnownFileType = text.plist.xml; path = "JXScrawlTests-Info.plist"; sourceTree = "<group>"; };
		A1A3151519DEE7E200839C7F /* en */ = {isa = PBXFileReference; lastKnownFileType = text.plist.strings; name = en; path = en.lproj/InfoPlist.strings; sourceTree = "<group>"; };
		A1A3151719DEE7E200839C7F /* JXScrawlTests.m */ = {isa = PBXFileReference; lastKnownFileType = sourcecode.c.objc; path = JXScrawlTests.m; sourceTree = "<group>"; };
		A1A3152319DEE82800839C7F /* JXDot.h */ = {isa = PBXFileReference; fileEncoding = 4; lastKnownFileType = sourcecode.c.h; path = JXDot.h; sourceTree = "<group>"; };
		A1A3152419DEE82800839C7F /* JXDot.m */ = {isa = PBXFileReference; fileEncoding = 4; lastKnownFileType = sourcecode.c.objc; path = JXDot.m; sourceTree = "<group>"; };
		A1A3152519DEE82800839C7F /* JXMark.h */ = {isa = PBXFileReference; fileEncoding = 4; lastKnownFileType = sourcecode.c.h; path = JXMark.h; sourceTree = "<group>"; };
		A1A3152619DEE82800839C7F /* JXStroke.h */ = {isa = PBXFileReference; fileEncoding = 4; lastKnownFileType = sourcecode.c.h; path = JXStroke.h; sourceTree = "<group>"; };
		A1A3152719DEE82800839C7F /* JXStroke.m */ = {isa = PBXFileReference; fileEncoding = 4; lastKnownFileType = sourcecode.c.objc; path = JXStroke.m; sourceTree = "<group>"; };
		A1A3152819DEE82800839C7F /* JXVertex.h */ = {isa = PBXFileReference; fileEncoding = 4; lastKnownFileType = sourcecode.c.h; path = JXVertex.h; sourceTree = "<group>"; };
		A1A3152919DEE82800839C7F /* JXVertex.m */ = {isa = PBXFileReference; fileEncoding = 4; lastKnownFileType = sourcecode.c.objc; path = JXVertex.m; sourceTree = "<group>"; };
		A1A3152B19DEE82800839C7F /* JXCanvasViewController.h */ = {isa = PBXFileReference; fileEncoding = 4; lastKnownFileType = sourcecode.c.h; path = JXCanvasViewController.h; sourceTree = "<group>"; };
		A1A3152C19DEE82800839C7F /* JXCanvasViewController.m */ = {isa = PBXFileReference; fileEncoding = 4; lastKnownFileType = sourcecode.c.objc; path = JXCanvasViewController.m; sourceTree = "<group>"; };
		A1A3152D19DEE82800839C7F /* JXPaletteViewController.h */ = {isa = PBXFileReference; fileEncoding = 4; lastKnownFileType = sourcecode.c.h; path = JXPaletteViewController.h; sourceTree = "<group>"; };
		A1A3152E19DEE82800839C7F /* JXPaletteViewController.m */ = {isa = PBXFileReference; fileEncoding = 4; lastKnownFileType = sourcecode.c.objc; path = JXPaletteViewController.m; sourceTree = "<group>"; };
		A1A3152F19DEE82800839C7F /* JXThumbnailViewController.h */ = {isa = PBXFileReference; fileEncoding = 4; lastKnownFileType = sourcecode.c.h; path = JXThumbnailViewController.h; sourceTree = "<group>"; };
		A1A3153019DEE82800839C7F /* JXThumbnailViewController.m */ = {isa = PBXFileReference; fileEncoding = 4; lastKnownFileType = sourcecode.c.objc; path = JXThumbnailViewController.m; sourceTree = "<group>"; };
		A1A3153119DEE82800839C7F /* JXViewController.h */ = {isa = PBXFileReference; fileEncoding = 4; lastKnownFileType = sourcecode.c.h; path = JXViewController.h; sourceTree = "<group>"; };
		A1A3153219DEE82800839C7F /* JXViewController.m */ = {isa = PBXFileReference; fileEncoding = 4; lastKnownFileType = sourcecode.c.objc; path = JXViewController.m; sourceTree = "<group>"; };
/* End PBXFileReference section */

/* Begin PBXFrameworksBuildPhase section */
		A1A314EC19DEE7E200839C7F /* Frameworks */ = {
			isa = PBXFrameworksBuildPhase;
			buildActionMask = 2147483647;
			files = (
				A1A314F519DEE7E200839C7F /* CoreGraphics.framework in Frameworks */,
				A1A314F719DEE7E200839C7F /* UIKit.framework in Frameworks */,
				A1A314F319DEE7E200839C7F /* Foundation.framework in Frameworks */,
			);
			runOnlyForDeploymentPostprocessing = 0;
		};
		A1A3150719DEE7E200839C7F /* Frameworks */ = {
			isa = PBXFrameworksBuildPhase;
			buildActionMask = 2147483647;
			files = (
				A1A3150C19DEE7E200839C7F /* XCTest.framework in Frameworks */,
				A1A3150E19DEE7E200839C7F /* UIKit.framework in Frameworks */,
				A1A3150D19DEE7E200839C7F /* Foundation.framework in Frameworks */,
			);
			runOnlyForDeploymentPostprocessing = 0;
		};
/* End PBXFrameworksBuildPhase section */

/* Begin PBXGroup section */
		A1670FA619DFAF3E001765EB /* View */ = {
			isa = PBXGroup;
			children = (
				A1670FBB19DFB874001765EB /* Factory */,
				A1670FB119DFB2D3001765EB /* Generator */,
				A1670FAA19DFAF91001765EB /* JXCanvasView.h */,
				A1670FAB19DFAF91001765EB /* JXCanvasView.m */,
				A1670FA719DFAF59001765EB /* JXPaperCanvasView.h */,
				A1670FA819DFAF59001765EB /* JXPaperCanvasView.m */,
				A1670FAD19DFB0F8001765EB /* JXClothCanvasView.h */,
				A1670FAE19DFB0F8001765EB /* JXClothCanvasView.m */,
			);
			path = View;
			sourceTree = "<group>";
		};
		A1670FB119DFB2D3001765EB /* Generator */ = {
			isa = PBXGroup;
			children = (
				A1670FB219DFB308001765EB /* JXCanvasViewGenerator.h */,
				A1670FB319DFB308001765EB /* JXCanvasViewGenerator.m */,
				A1670FB519DFB396001765EB /* JXPaperCanvasViewGenerator.h */,
				A1670FB619DFB396001765EB /* JXPaperCanvasViewGenerator.m */,
				A1670FB819DFB41E001765EB /* JXClothCanvasViewGenerator.h */,
				A1670FB919DFB41E001765EB /* JXClothCanvasViewGenerator.m */,
			);
			path = Generator;
			sourceTree = "<group>";
		};
		A1670FBB19DFB874001765EB /* Factory */ = {
			isa = PBXGroup;
			children = (
				A1670FC519DFBF50001765EB /* View */,
				A1670FBC19DFB891001765EB /* JXBrandingFactory.h */,
				A1670FBD19DFB891001765EB /* JXBrandingFactory.m */,
				A1670FBF19DFBC63001765EB /* JXAcmeBrandingFactory.h */,
				A1670FC019DFBC63001765EB /* JXAcmeBrandingFactory.m */,
				A1670FC219DFBD86001765EB /* JXSierraBrandingFactory.h */,
				A1670FC319DFBD86001765EB /* JXSierraBrandingFactory.m */,
			);
			path = Factory;
			sourceTree = "<group>";
		};
		A1670FC519DFBF50001765EB /* View */ = {
			isa = PBXGroup;
			children = (
				A1670FC619DFBF50001765EB /* Acme */,
				A1670FC719DFBF50001765EB /* Sierra */,
			);
			path = View;
			sourceTree = "<group>";
		};
		A1670FC619DFBF50001765EB /* Acme */ = {
			isa = PBXGroup;
			children = (
				A1670FC819DFBF79001765EB /* JXAcmeView.h */,
				A1670FC919DFBF79001765EB /* JXAcmeView.m */,
				A1670FCB19DFBF92001765EB /* JXAcmeMainButton.h */,
				A1670FCC19DFBF92001765EB /* JXAcmeMainButton.m */,
				A1670FCE19DFBFA3001765EB /* JXAcmeToolbar.h */,
				A1670FCF19DFBFA3001765EB /* JXAcmeToolbar.m */,
			);
			path = Acme;
			sourceTree = "<group>";
		};
		A1670FC719DFBF50001765EB /* Sierra */ = {
			isa = PBXGroup;
			children = (
				A1670FD419DFC0CC001765EB /* JXSierraView.h */,
				A1670FD519DFC0CC001765EB /* JXSierraView.m */,
				A1670FD719DFC0EA001765EB /* JXSierraMainButton.h */,
				A1670FD819DFC0EA001765EB /* JXSierraMainButton.m */,
				A1670FD119DFC0B5001765EB /* JXSierraToolbar.h */,
				A1670FD219DFC0B5001765EB /* JXSierraToolbar.m */,
			);
			path = Sierra;
			sourceTree = "<group>";
		};
		A1670FDA19DFC263001765EB /* ChasingGame */ = {
			isa = PBXGroup;
			children = (
				A1670FDB19DFC281001765EB /* JXCharacter.h */,
				A1670FDC19DFC281001765EB /* JXCharacter.m */,
				A1670FDE19DFC44B001765EB /* JXCharacterBuilder.h */,
				A1670FDF19DFC44B001765EB /* JXCharacterBuilder.m */,
				A1670FE119DFD166001765EB /* JXStandardCharacterBuilder.h */,
				A1670FE219DFD166001765EB /* JXStandardCharacterBuilder.m */,
				A1670FE419DFD35C001765EB /* JXChasingGame.h */,
				A1670FE519DFD35C001765EB /* JXChasingGame.m */,
			);
			path = ChasingGame;
			sourceTree = "<group>";
		};
		A1670FE719DFD650001765EB /* Wrapper */ = {
			isa = PBXGroup;
			children = (
				A1670FE819DFD66D001765EB /* JXCommand.h */,
				A1670FE919DFD66D001765EB /* JXCommand.m */,
				A1670FEB19DFD7BD001765EB /* JXSetStrokeColorCommand.h */,
				A1670FEC19DFD7BD001765EB /* JXSetStrokeColorCommand.m */,
				A1670FF119DFE765001765EB /* JXCommandSlider.h */,
				A1670FF219DFE765001765EB /* JXCommandSlider.m */,
			);
			path = Wrapper;
			sourceTree = "<group>";
		};
		A1670FF419DFECE9001765EB /* Emulator */ = {
			isa = PBXGroup;
			children = (
				A1670FFE19DFF090001765EB /* JXConsoleCommands.h */,
				A1670FF519DFED09001765EB /* JXConsoleEmulator.h */,
				A1670FF619DFED09001765EB /* JXConsoleEmulator.m */,
				A1670FF819DFEF05001765EB /* JXGameBoyEmulator.h */,
				A1670FF919DFEF05001765EB /* JXGameBoyEmulator.m */,
				A1670FFB19DFEF4E001765EB /* JXGameGearEmulator.h */,
				A1670FFC19DFEF4E001765EB /* JXGameGearEmulator.m */,
				A1670FFF19DFF12F001765EB /* JXConsoleController.h */,
				A167100019DFF12F001765EB /* JXConsoleController.m */,
				A167100219DFF263001765EB /* JXTouchConsoleController.h */,
				A167100319DFF263001765EB /* JXTouchConsoleController.m */,
			);
			path = Emulator;
			sourceTree = "<group>";
		};
		A1A314E619DEE7E200839C7F = {
			isa = PBXGroup;
			children = (
				A1A3152119DEE82800839C7F /* Class */,
				A1A314F819DEE7E200839C7F /* JXScrawl */,
				A1A3151119DEE7E200839C7F /* JXScrawlTests */,
				A1A314F119DEE7E200839C7F /* Frameworks */,
				A1A314F019DEE7E200839C7F /* Products */,
			);
			sourceTree = "<group>";
		};
		A1A314F019DEE7E200839C7F /* Products */ = {
			isa = PBXGroup;
			children = (
				A1A314EF19DEE7E200839C7F /* JXScrawl.app */,
				A1A3150A19DEE7E200839C7F /* JXScrawlTests.xctest */,
			);
			name = Products;
			sourceTree = "<group>";
		};
		A1A314F119DEE7E200839C7F /* Frameworks */ = {
			isa = PBXGroup;
			children = (
				A1A314F219DEE7E200839C7F /* Foundation.framework */,
				A1A314F419DEE7E200839C7F /* CoreGraphics.framework */,
				A1A314F619DEE7E200839C7F /* UIKit.framework */,
				A1A3150B19DEE7E200839C7F /* XCTest.framework */,
			);
			name = Frameworks;
			sourceTree = "<group>";
		};
		A1A314F819DEE7E200839C7F /* JXScrawl */ = {
			isa = PBXGroup;
			children = (
				A1A3150119DEE7E200839C7F /* JXAppDelegate.h */,
				A1A3150219DEE7E200839C7F /* JXAppDelegate.m */,
				A1A3150419DEE7E200839C7F /* Images.xcassets */,
				A1A314F919DEE7E200839C7F /* Supporting Files */,
			);
			path = JXScrawl;
			sourceTree = "<group>";
		};
		A1A314F919DEE7E200839C7F /* Supporting Files */ = {
			isa = PBXGroup;
			children = (
				A1A314FA19DEE7E200839C7F /* JXScrawl-Info.plist */,
				A1A314FB19DEE7E200839C7F /* InfoPlist.strings */,
				A1A314FE19DEE7E200839C7F /* main.m */,
				A1A3150019DEE7E200839C7F /* JXScrawl-Prefix.pch */,
			);
			name = "Supporting Files";
			sourceTree = "<group>";
		};
		A1A3151119DEE7E200839C7F /* JXScrawlTests */ = {
			isa = PBXGroup;
			children = (
				A1A3151719DEE7E200839C7F /* JXScrawlTests.m */,
				A1A3151219DEE7E200839C7F /* Supporting Files */,
			);
			path = JXScrawlTests;
			sourceTree = "<group>";
		};
		A1A3151219DEE7E200839C7F /* Supporting Files */ = {
			isa = PBXGroup;
			children = (
				A1A3151319DEE7E200839C7F /* JXScrawlTests-Info.plist */,
				A1A3151419DEE7E200839C7F /* InfoPlist.strings */,
			);
			name = "Supporting Files";
			sourceTree = "<group>";
		};
		A1A3152119DEE82800839C7F /* Class */ = {
			isa = PBXGroup;
			children = (
				A1670FF419DFECE9001765EB /* Emulator */,
				A1670FE719DFD650001765EB /* Wrapper */,
				A1670FDA19DFC263001765EB /* ChasingGame */,
				A1670FA619DFAF3E001765EB /* View */,
				A1A3152219DEE82800839C7F /* Context */,
				A1A3152A19DEE82800839C7F /* ViewControllers */,
			);
			path = Class;
			sourceTree = "<group>";
		};
		A1A3152219DEE82800839C7F /* Context */ = {
			isa = PBXGroup;
			children = (
				A1A3152519DEE82800839C7F /* JXMark.h */,
				A1A3152619DEE82800839C7F /* JXStroke.h */,
				A1A3152719DEE82800839C7F /* JXStroke.m */,
				A1A3152319DEE82800839C7F /* JXDot.h */,
				A1A3152419DEE82800839C7F /* JXDot.m */,
				A1A3152819DEE82800839C7F /* JXVertex.h */,
				A1A3152919DEE82800839C7F /* JXVertex.m */,
			);
			path = Context;
			sourceTree = "<group>";
		};
		A1A3152A19DEE82800839C7F /* ViewControllers */ = {
			isa = PBXGroup;
			children = (
				A1A3152B19DEE82800839C7F /* JXCanvasViewController.h */,
				A1A3152C19DEE82800839C7F /* JXCanvasViewController.m */,
				A1A3152D19DEE82800839C7F /* JXPaletteViewController.h */,
				A1A3152E19DEE82800839C7F /* JXPaletteViewController.m */,
				A1A3152F19DEE82800839C7F /* JXThumbnailViewController.h */,
				A1A3153019DEE82800839C7F /* JXThumbnailViewController.m */,
				A1A3153119DEE82800839C7F /* JXViewController.h */,
				A1A3153219DEE82800839C7F /* JXViewController.m */,
				A1670FEE19DFDC1E001765EB /* JXCoordinatingController.h */,
				A1670FEF19DFDC1E001765EB /* JXCoordinatingController.m */,
			);
			path = ViewControllers;
			sourceTree = "<group>";
		};
/* End PBXGroup section */

/* Begin PBXNativeTarget section */
		A1A314EE19DEE7E200839C7F /* JXScrawl */ = {
			isa = PBXNativeTarget;
			buildConfigurationList = A1A3151B19DEE7E200839C7F /* Build configuration list for PBXNativeTarget "JXScrawl" */;
			buildPhases = (
				A1A314EB19DEE7E200839C7F /* Sources */,
				A1A314EC19DEE7E200839C7F /* Frameworks */,
				A1A314ED19DEE7E200839C7F /* Resources */,
			);
			buildRules = (
			);
			dependencies = (
			);
			name = JXScrawl;
			productName = JXScrawl;
			productReference = A1A314EF19DEE7E200839C7F /* JXScrawl.app */;
			productType = "com.apple.product-type.application";
		};
		A1A3150919DEE7E200839C7F /* JXScrawlTests */ = {
			isa = PBXNativeTarget;
			buildConfigurationList = A1A3151E19DEE7E200839C7F /* Build configuration list for PBXNativeTarget "JXScrawlTests" */;
			buildPhases = (
				A1A3150619DEE7E200839C7F /* Sources */,
				A1A3150719DEE7E200839C7F /* Frameworks */,
				A1A3150819DEE7E200839C7F /* Resources */,
			);
			buildRules = (
			);
			dependencies = (
				A1A3151019DEE7E200839C7F /* PBXTargetDependency */,
			);
			name = JXScrawlTests;
			productName = JXScrawlTests;
			productReference = A1A3150A19DEE7E200839C7F /* JXScrawlTests.xctest */;
			productType = "com.apple.product-type.bundle.unit-test";
		};
/* End PBXNativeTarget section */

/* Begin PBXProject section */
		A1A314E719DEE7E200839C7F /* Project object */ = {
			isa = PBXProject;
			attributes = {
				CLASSPREFIX = JX;
				LastUpgradeCheck = 0510;
				ORGANIZATIONNAME = "Andy Jin";
				TargetAttributes = {
					A1A3150919DEE7E200839C7F = {
						TestTargetID = A1A314EE19DEE7E200839C7F;
					};
				};
			};
			buildConfigurationList = A1A314EA19DEE7E200839C7F /* Build configuration list for PBXProject "JXScrawl" */;
			compatibilityVersion = "Xcode 3.2";
			developmentRegion = English;
			hasScannedForEncodings = 0;
			knownRegions = (
				en,
			);
			mainGroup = A1A314E619DEE7E200839C7F;
			productRefGroup = A1A314F019DEE7E200839C7F /* Products */;
			projectDirPath = "";
			projectRoot = "";
			targets = (
				A1A314EE19DEE7E200839C7F /* JXScrawl */,
				A1A3150919DEE7E200839C7F /* JXScrawlTests */,
			);
		};
/* End PBXProject section */

/* Begin PBXResourcesBuildPhase section */
		A1A314ED19DEE7E200839C7F /* Resources */ = {
			isa = PBXResourcesBuildPhase;
			buildActionMask = 2147483647;
			files = (
				A1A314FD19DEE7E200839C7F /* InfoPlist.strings in Resources */,
				A1A3150519DEE7E200839C7F /* Images.xcassets in Resources */,
			);
			runOnlyForDeploymentPostprocessing = 0;
		};
		A1A3150819DEE7E200839C7F /* Resources */ = {
			isa = PBXResourcesBuildPhase;
			buildActionMask = 2147483647;
			files = (
				A1A3151619DEE7E200839C7F /* InfoPlist.strings in Resources */,
			);
			runOnlyForDeploymentPostprocessing = 0;
		};
/* End PBXResourcesBuildPhase section */

/* Begin PBXSourcesBuildPhase section */
		A1A314EB19DEE7E200839C7F /* Sources */ = {
			isa = PBXSourcesBuildPhase;
			buildActionMask = 2147483647;
			files = (
				A1670FD919DFC0EA001765EB /* JXSierraMainButton.m in Sources */,
				A1A3153819DEE82800839C7F /* JXThumbnailViewController.m in Sources */,
				A1670FEA19DFD66D001765EB /* JXCommand.m in Sources */,
				A1670FE319DFD166001765EB /* JXStandardCharacterBuilder.m in Sources */,
				A1670FDD19DFC281001765EB /* JXCharacter.m in Sources */,
				A1670FC419DFBD86001765EB /* JXSierraBrandingFactory.m in Sources */,
				A1A3153519DEE82800839C7F /* JXVertex.m in Sources */,
				A1A3153919DEE82800839C7F /* JXViewController.m in Sources */,
				A1670FAC19DFAF91001765EB /* JXCanvasView.m in Sources */,
				A1670FCA19DFBF79001765EB /* JXAcmeView.m in Sources */,
				A1670FCD19DFBF92001765EB /* JXAcmeMainButton.m in Sources */,
				A1A3153619DEE82800839C7F /* JXCanvasViewController.m in Sources */,
				A1670FE619DFD35C001765EB /* JXChasingGame.m in Sources */,
				A167100119DFF12F001765EB /* JXConsoleController.m in Sources */,
				A1A3153419DEE82800839C7F /* JXStroke.m in Sources */,
				A1A3150319DEE7E200839C7F /* JXAppDelegate.m in Sources */,
				A1670FC119DFBC63001765EB /* JXAcmeBrandingFactory.m in Sources */,
				A1670FF319DFE765001765EB /* JXCommandSlider.m in Sources */,
				A1670FED19DFD7BD001765EB /* JXSetStrokeColorCommand.m in Sources */,
				A1670FB719DFB396001765EB /* JXPaperCanvasViewGenerator.m in Sources */,
				A1A3153319DEE82800839C7F /* JXDot.m in Sources */,
				A1670FD619DFC0CC001765EB /* JXSierraView.m in Sources */,
				A1670FD319DFC0B5001765EB /* JXSierraToolbar.m in Sources */,
				A1670FB419DFB308001765EB /* JXCanvasViewGenerator.m in Sources */,
				A1670FD019DFBFA3001765EB /* JXAcmeToolbar.m in Sources */,
				A1670FF019DFDC1E001765EB /* JXCoordinatingController.m in Sources */,
				A167100419DFF263001765EB /* JXTouchConsoleController.m in Sources */,
				A1670FE019DFC44B001765EB /* JXCharacterBuilder.m in Sources */,
				A1A314FF19DEE7E200839C7F /* main.m in Sources */,
				A1670FFA19DFEF05001765EB /* JXGameBoyEmulator.m in Sources */,
				A1670FBA19DFB41E001765EB /* JXClothCanvasViewGenerator.m in Sources */,
				A1670FAF19DFB0F8001765EB /* JXClothCanvasView.m in Sources */,
				A1670FF719DFED09001765EB /* JXConsoleEmulator.m in Sources */,
				A1670FFD19DFEF4E001765EB /* JXGameGearEmulator.m in Sources */,
				A1670FBE19DFB891001765EB /* JXBrandingFactory.m in Sources */,
				A1A3153719DEE82800839C7F /* JXPaletteViewController.m in Sources */,
				A1670FA919DFAF59001765EB /* JXPaperCanvasView.m in Sources */,
			);
			runOnlyForDeploymentPostprocessing = 0;
		};
		A1A3150619DEE7E200839C7F /* Sources */ = {
			isa = PBXSourcesBuildPhase;
			buildActionMask = 2147483647;
			files = (
				A1A3151819DEE7E200839C7F /* JXScrawlTests.m in Sources */,
			);
			runOnlyForDeploymentPostprocessing = 0;
		};
/* End PBXSourcesBuildPhase section */

/* Begin PBXTargetDependency section */
		A1A3151019DEE7E200839C7F /* PBXTargetDependency */ = {
			isa = PBXTargetDependency;
			target = A1A314EE19DEE7E200839C7F /* JXScrawl */;
			targetProxy = A1A3150F19DEE7E200839C7F /* PBXContainerItemProxy */;
		};
/* End PBXTargetDependency section */

/* Begin PBXVariantGroup section */
		A1A314FB19DEE7E200839C7F /* InfoPlist.strings */ = {
			isa = PBXVariantGroup;
			children = (
				A1A314FC19DEE7E200839C7F /* en */,
			);
			name = InfoPlist.strings;
			sourceTree = "<group>";
		};
		A1A3151419DEE7E200839C7F /* InfoPlist.strings */ = {
			isa = PBXVariantGroup;
			children = (
				A1A3151519DEE7E200839C7F /* en */,
			);
			name = InfoPlist.strings;
			sourceTree = "<group>";
		};
/* End PBXVariantGroup section */

/* Begin XCBuildConfiguration section */
		A1A3151919DEE7E200839C7F /* Debug */ = {
			isa = XCBuildConfiguration;
			buildSettings = {
				ALWAYS_SEARCH_USER_PATHS = NO;
				CLANG_CXX_LANGUAGE_STANDARD = "gnu++0x";
				CLANG_CXX_LIBRARY = "libc++";
				CLANG_ENABLE_MODULES = YES;
				CLANG_ENABLE_OBJC_ARC = YES;
				CLANG_WARN_BOOL_CONVERSION = YES;
				CLANG_WARN_CONSTANT_CONVERSION = YES;
				CLANG_WARN_DIRECT_OBJC_ISA_USAGE = YES_ERROR;
				CLANG_WARN_EMPTY_BODY = YES;
				CLANG_WARN_ENUM_CONVERSION = YES;
				CLANG_WARN_INT_CONVERSION = YES;
				CLANG_WARN_OBJC_ROOT_CLASS = YES_ERROR;
				CLANG_WARN__DUPLICATE_METHOD_MATCH = YES;
				"CODE_SIGN_IDENTITY[sdk=iphoneos*]" = "iPhone Developer";
				COPY_PHASE_STRIP = NO;
				GCC_C_LANGUAGE_STANDARD = gnu99;
				GCC_DYNAMIC_NO_PIC = NO;
				GCC_OPTIMIZATION_LEVEL = 0;
				GCC_PREPROCESSOR_DEFINITIONS = (
					"DEBUG=1",
					"$(inherited)",
				);
				GCC_SYMBOLS_PRIVATE_EXTERN = NO;
				GCC_WARN_64_TO_32_BIT_CONVERSION = YES;
				GCC_WARN_ABOUT_RETURN_TYPE = YES_ERROR;
				GCC_WARN_UNDECLARED_SELECTOR = YES;
				GCC_WARN_UNINITIALIZED_AUTOS = YES_AGGRESSIVE;
				GCC_WARN_UNUSED_FUNCTION = YES;
				GCC_WARN_UNUSED_VARIABLE = YES;
				IPHONEOS_DEPLOYMENT_TARGET = 7.1;
				ONLY_ACTIVE_ARCH = YES;
				SDKROOT = iphoneos;
				TARGETED_DEVICE_FAMILY = "1,2";
			};
			name = Debug;
		};
		A1A3151A19DEE7E200839C7F /* Release */ = {
			isa = XCBuildConfiguration;
			buildSettings = {
				ALWAYS_SEARCH_USER_PATHS = NO;
				CLANG_CXX_LANGUAGE_STANDARD = "gnu++0x";
				CLANG_CXX_LIBRARY = "libc++";
				CLANG_ENABLE_MODULES = YES;
				CLANG_ENABLE_OBJC_ARC = YES;
				CLANG_WARN_BOOL_CONVERSION = YES;
				CLANG_WARN_CONSTANT_CONVERSION = YES;
				CLANG_WARN_DIRECT_OBJC_ISA_USAGE = YES_ERROR;
				CLANG_WARN_EMPTY_BODY = YES;
				CLANG_WARN_ENUM_CONVERSION = YES;
				CLANG_WARN_INT_CONVERSION = YES;
				CLANG_WARN_OBJC_ROOT_CLASS = YES_ERROR;
				CLANG_WARN__DUPLICATE_METHOD_MATCH = YES;
				"CODE_SIGN_IDENTITY[sdk=iphoneos*]" = "iPhone Developer";
				COPY_PHASE_STRIP = YES;
				ENABLE_NS_ASSERTIONS = NO;
				GCC_C_LANGUAGE_STANDARD = gnu99;
				GCC_WARN_64_TO_32_BIT_CONVERSION = YES;
				GCC_WARN_ABOUT_RETURN_TYPE = YES_ERROR;
				GCC_WARN_UNDECLARED_SELECTOR = YES;
				GCC_WARN_UNINITIALIZED_AUTOS = YES_AGGRESSIVE;
				GCC_WARN_UNUSED_FUNCTION = YES;
				GCC_WARN_UNUSED_VARIABLE = YES;
				IPHONEOS_DEPLOYMENT_TARGET = 7.1;
				SDKROOT = iphoneos;
				TARGETED_DEVICE_FAMILY = "1,2";
				VALIDATE_PRODUCT = YES;
			};
			name = Release;
		};
		A1A3151C19DEE7E200839C7F /* Debug */ = {
			isa = XCBuildConfiguration;
			buildSettings = {
				ASSETCATALOG_COMPILER_APPICON_NAME = AppIcon;
				ASSETCATALOG_COMPILER_LAUNCHIMAGE_NAME = LaunchImage;
				GCC_PRECOMPILE_PREFIX_HEADER = YES;
				GCC_PREFIX_HEADER = "JXScrawl/JXScrawl-Prefix.pch";
				INFOPLIST_FILE = "JXScrawl/JXScrawl-Info.plist";
				PRODUCT_NAME = "$(TARGET_NAME)";
				WRAPPER_EXTENSION = app;
			};
			name = Debug;
		};
		A1A3151D19DEE7E200839C7F /* Release */ = {
			isa = XCBuildConfiguration;
			buildSettings = {
				ASSETCATALOG_COMPILER_APPICON_NAME = AppIcon;
				ASSETCATALOG_COMPILER_LAUNCHIMAGE_NAME = LaunchImage;
				GCC_PRECOMPILE_PREFIX_HEADER = YES;
				GCC_PREFIX_HEADER = "JXScrawl/JXScrawl-Prefix.pch";
				INFOPLIST_FILE = "JXScrawl/JXScrawl-Info.plist";
				PRODUCT_NAME = "$(TARGET_NAME)";
				WRAPPER_EXTENSION = app;
			};
			name = Release;
		};
		A1A3151F19DEE7E200839C7F /* Debug */ = {
			isa = XCBuildConfiguration;
			buildSettings = {
				BUNDLE_LOADER = "$(BUILT_PRODUCTS_DIR)/JXScrawl.app/JXScrawl";
				FRAMEWORK_SEARCH_PATHS = (
					"$(SDKROOT)/Developer/Library/Frameworks",
					"$(inherited)",
					"$(DEVELOPER_FRAMEWORKS_DIR)",
				);
				GCC_PRECOMPILE_PREFIX_HEADER = YES;
				GCC_PREFIX_HEADER = "JXScrawl/JXScrawl-Prefix.pch";
				GCC_PREPROCESSOR_DEFINITIONS = (
					"DEBUG=1",
					"$(inherited)",
				);
				INFOPLIST_FILE = "JXScrawlTests/JXScrawlTests-Info.plist";
				PRODUCT_NAME = "$(TARGET_NAME)";
				TEST_HOST = "$(BUNDLE_LOADER)";
				WRAPPER_EXTENSION = xctest;
			};
			name = Debug;
		};
		A1A3152019DEE7E200839C7F /* Release */ = {
			isa = XCBuildConfiguration;
			buildSettings = {
				BUNDLE_LOADER = "$(BUILT_PRODUCTS_DIR)/JXScrawl.app/JXScrawl";
				FRAMEWORK_SEARCH_PATHS = (
					"$(SDKROOT)/Developer/Library/Frameworks",
					"$(inherited)",
					"$(DEVELOPER_FRAMEWORKS_DIR)",
				);
				GCC_PRECOMPILE_PREFIX_HEADER = YES;
				GCC_PREFIX_HEADER = "JXScrawl/JXScrawl-Prefix.pch";
				INFOPLIST_FILE = "JXScrawlTests/JXScrawlTests-Info.plist";
				PRODUCT_NAME = "$(TARGET_NAME)";
				TEST_HOST = "$(BUNDLE_LOADER)";
				WRAPPER_EXTENSION = xctest;
			};
			name = Release;
		};
/* End XCBuildConfiguration section */

/* Begin XCConfigurationList section */
		A1A314EA19DEE7E200839C7F /* Build configuration list for PBXProject "JXScrawl" */ = {
			isa = XCConfigurationList;
			buildConfigurations = (
				A1A3151919DEE7E200839C7F /* Debug */,
				A1A3151A19DEE7E200839C7F /* Release */,
			);
			defaultConfigurationIsVisible = 0;
			defaultConfigurationName = Release;
		};
		A1A3151B19DEE7E200839C7F /* Build configuration list for PBXNativeTarget "JXScrawl" */ = {
			isa = XCConfigurationList;
			buildConfigurations = (
				A1A3151C19DEE7E200839C7F /* Debug */,
				A1A3151D19DEE7E200839C7F /* Release */,
			);
			defaultConfigurationIsVisible = 0;
			defaultConfigurationName = Release;
		};
		A1A3151E19DEE7E200839C7F /* Build configuration list for PBXNativeTarget "JXScrawlTests" */ = {
			isa = XCConfigurationList;
			buildConfigurations = (
				A1A3151F19DEE7E200839C7F /* Debug */,
				A1A3152019DEE7E200839C7F /* Release */,
			);
			defaultConfigurationIsVisible = 0;
			defaultConfigurationName = Release;
		};
/* End XCConfigurationList section */
	};
	rootObject = A1A314E719DEE7E200839C7F /* Project object */;
}
