// !$*UTF8*$!
{
	archiveVersion = 1;
	classes = {
	};
	objectVersion = 46;
	objects = {

/* Begin PBXBuildFile section */
		A1A314F319DEE7E200839C7F /* Foundation.framework in Frameworks */ = {isa = PBXBuildFile; fileRef = A1A314F219DEE7E200839C7F /* Foundation.framework */; };
		A1A314F519DEE7E200839C7F /* CoreGraphics.framework in Frameworks */ = {isa = PBXBuildFile; fileRef = A1A314F419DEE7E200839C7F /* CoreGraphics.framework */; };
		A1A314F719DEE7E200839C7F /* UIKit.framework in Frameworks */ = {isa = PBXBuildFile; fileRef = A1A314F619DEE7E200839C7F /* UIKit.framework */; };
		A1A314FD19DEE7E200839C7F /* InfoPlist.strings in Resources */ = {isa = PBXBuildFile; fileRef = A1A314FB19DEE7E200839C7F /* InfoPlist.strings */; };
		A1A314FF19DEE7E200839C7F /* main.m in Sources */ = {isa = PBXBuildFile; fileRef = A1A314FE19DEE7E200839C7F /* main.m */; };
		A1A3150319DEE7E200839C7F /* JXAppDelegate.m in Sources */ = {isa = PBXBuildFile; fileRef = A1A3150219DEE7E200839C7F /* JXAppDelegate.m */; };
		A1A3150519DEE7E200839C7F /* Images.xcassets in Resources */ = {isa = PBXBuildFile; fileRef = A1A3150419DEE7E200839C7F /* Images.xcassets */; };
		A1A3150C19DEE7E200839C7F /* XCTest.framework in Frameworks */ = {isa = PBXBuildFile; fileRef = A1A3150B19DEE7E200839C7F /* XCTest.framework */; };
		A1A3150D19DEE7E200839C7F /* Foundation.framework in Frameworks */ = {isa = PBXBuildFile; fileRef = A1A314F219DEE7E200839C7F /* Foundation.framework */; };
		A1A3150E19DEE7E200839C7F /* UIKit.framework in Frameworks */ = {isa = PBXBuildFile; fileRef = A1A314F619DEE7E200839C7F /* UIKit.framework */; };
		A1A3151619DEE7E200839C7F /* InfoPlist.strings in Resources */ = {isa = PBXBuildFile; fileRef = A1A3151419DEE7E200839C7F /* InfoPlist.strings */; };
		A1A3151819DEE7E200839C7F /* JXScrawlTests.m in Sources */ = {isa = PBXBuildFile; fileRef = A1A3151719DEE7E200839C7F /* JXScrawlTests.m */; };
		A1A3153319DEE82800839C7F /* JXDot.m in Sources */ = {isa = PBXBuildFile; fileRef = A1A3152419DEE82800839C7F /* JXDot.m */; };
		A1A3153419DEE82800839C7F /* JXStroke.m in Sources */ = {isa = PBXBuildFile; fileRef = A1A3152719DEE82800839C7F /* JXStroke.m */; };
		A1A3153519DEE82800839C7F /* JXVertex.m in Sources */ = {isa = PBXBuildFile; fileRef = A1A3152919DEE82800839C7F /* JXVertex.m */; };
		A1A3153619DEE82800839C7F /* JXCanvasViewController.m in Sources */ = {isa = PBXBuildFile; fileRef = A1A3152C19DEE82800839C7F /* JXCanvasViewController.m */; };
		A1A3153719DEE82800839C7F /* JXPaletteViewController.m in Sources */ = {isa = PBXBuildFile; fileRef = A1A3152E19DEE82800839C7F /* JXPaletteViewController.m */; };
		A1A3153819DEE82800839C7F /* JXThumbnailViewController.m in Sources */ = {isa = PBXBuildFile; fileRef = A1A3153019DEE82800839C7F /* JXThumbnailViewController.m */; };
		A1A3153919DEE82800839C7F /* JXViewController.m in Sources */ = {isa = PBXBuildFile; fileRef = A1A3153219DEE82800839C7F /* JXViewController.m */; };
/* End PBXBuildFile section */

/* Begin PBXContainerItemProxy section */
		A1A3150F19DEE7E200839C7F /* PBXContainerItemProxy */ = {
			isa = PBXContainerItemProxy;
			containerPortal = A1A314E719DEE7E200839C7F /* Project object */;
			proxyType = 1;
			remoteGlobalIDString = A1A314EE19DEE7E200839C7F;
			remoteInfo = JXScrawl;
		};
/* End PBXContainerItemProxy section */

/* Begin PBXFileReference section */
		A1A314EF19DEE7E200839C7F /* JXScrawl.app */ = {isa = PBXFileReference; explicitFileType = wrapper.application; includeInIndex = 0; path = JXScrawl.app; sourceTree = BUILT_PRODUCTS_DIR; };
		A1A314F219DEE7E200839C7F /* Foundation.framework */ = {isa = PBXFileReference; lastKnownFileType = wrapper.framework; name = Foundation.framework; path = System/Library/Frameworks/Foundation.framework; sourceTree = SDKROOT; };
		A1A314F419DEE7E200839C7F /* CoreGraphics.framework */ = {isa = PBXFileReference; lastKnownFileType = wrapper.framework; name = CoreGraphics.framework; path = System/Library/Frameworks/CoreGraphics.framework; sourceTree = SDKROOT; };
		A1A314F619DEE7E200839C7F /* UIKit.framework */ = {isa = PBXFileReference; lastKnownFileType = wrapper.framework; name = UIKit.framework; path = System/Library/Frameworks/UIKit.framework; sourceTree = SDKROOT; };
		A1A314FA19DEE7E200839C7F /* JXScrawl-Info.plist */ = {isa = PBXFileReference; lastKnownFileType = text.plist.xml; path = "JXScrawl-Info.plist"; sourceTree = "<group>"; };
		A1A314FC19DEE7E200839C7F /* en */ = {isa = PBXFileReference; lastKnownFileType = text.plist.strings; name = en; path = en.lproj/InfoPlist.strings; sourceTree = "<group>"; };
		A1A314FE19DEE7E200839C7F /* main.m */ = {isa = PBXFileReference; lastKnownFileType = sourcecode.c.objc; path = main.m; sourceTree = "<group>"; };
		A1A3150019DEE7E200839C7F /* JXScrawl-Prefix.pch */ = {isa = PBXFileReference; lastKnownFileType = sourcecode.c.h; path = "JXScrawl-Prefix.pch"; sourceTree = "<group>"; };
		A1A3150119DEE7E200839C7F /* JXAppDelegate.h */ = {isa = PBXFileReference; lastKnownFileType = sourcecode.c.h; path = JXAppDelegate.h; sourceTree = "<group>"; };
		A1A3150219DEE7E200839C7F /* JXAppDelegate.m */ = {isa = PBXFileReference; lastKnownFileType = sourcecode.c.objc; path = JXAppDelegate.m; sourceTree = "<group>"; };
		A1A3150419DEE7E200839C7F /* Images.xcassets */ = {isa = PBXFileReference; lastKnownFileType = folder.assetcatalog; path = Images.xcassets; sourceTree = "<group>"; };
		A1A3150A19DEE7E200839C7F /* JXScrawlTests.xctest */ = {isa = PBXFileReference; explicitFileType = wrapper.cfbundle; includeInIndex = 0; path = JXScrawlTests.xctest; sourceTree = BUILT_PRODUCTS_DIR; };
		A1A3150B19DEE7E200839C7F /* XCTest.framework */ = {isa = PBXFileReference; lastKnownFileType = wrapper.framework; name = XCTest.framework; path = Library/Frameworks/XCTest.framework; sourceTree = DEVELOPER_DIR; };
		A1A3151319DEE7E200839C7F /* JXScrawlTests-Info.plist */ = {isa = PBXFileReference; lastKnownFileType = text.plist.xml; path = "JXScrawlTests-Info.plist"; sourceTree = "<group>"; };
		A1A3151519DEE7E200839C7F /* en */ = {isa = PBXFileReference; lastKnownFileType = text.plist.strings; name = en; path = en.lproj/InfoPlist.strings; sourceTree = "<group>"; };
		A1A3151719DEE7E200839C7F /* JXScrawlTests.m */ = {isa = PBXFileReference; lastKnownFileType = sourcecode.c.objc; path = JXScrawlTests.m; sourceTree = "<group>"; };
		A1A3152319DEE82800839C7F /* JXDot.h */ = {isa = PBXFileReference; fileEncoding = 4; lastKnownFileType = sourcecode.c.h; path = JXDot.h; sourceTree = "<group>"; };
		A1A3152419DEE82800839C7F /* JXDot.m */ = {isa = PBXFileReference; fileEncoding = 4; lastKnownFileType = sourcecode.c.objc; path = JXDot.m; sourceTree = "<group>"; };
		A1A3152519DEE82800839C7F /* JXMark.h */ = {isa = PBXFileReference; fileEncoding = 4; lastKnownFileType = sourcecode.c.h; path = JXMark.h; sourceTree = "<group>"; };
		A1A3152619DEE82800839C7F /* JXStroke.h */ = {isa = PBXFileReference; fileEncoding = 4; lastKnownFileType = sourcecode.c.h; path = JXStroke.h; sourceTree = "<group>"; };
		A1A3152719DEE82800839C7F /* JXStroke.m */ = {isa = PBXFileReference; fileEncoding = 4; lastKnownFileType = sourcecode.c.objc; path = JXStroke.m; sourceTree = "<group>"; };
		A1A3152819DEE82800839C7F /* JXVertex.h */ = {isa = PBXFileReference; fileEncoding = 4; lastKnownFileType = sourcecode.c.h; path = JXVertex.h; sourceTree = "<group>"; };
		A1A3152919DEE82800839C7F /* JXVertex.m */ = {isa = PBXFileReference; fileEncoding = 4; lastKnownFileType = sourcecode.c.objc; path = JXVertex.m; sourceTree = "<group>"; };
		A1A3152B19DEE82800839C7F /* JXCanvasViewController.h */ = {isa = PBXFileReference; fileEncoding = 4; lastKnownFileType = sourcecode.c.h; path = JXCanvasViewController.h; sourceTree = "<group>"; };
		A1A3152C19DEE82800839C7F /* JXCanvasViewController.m */ = {isa = PBXFileReference; fileEncoding = 4; lastKnownFileType = sourcecode.c.objc; path = JXCanvasViewController.m; sourceTree = "<group>"; };
		A1A3152D19DEE82800839C7F /* JXPaletteViewController.h */ = {isa = PBXFileReference; fileEncoding = 4; lastKnownFileType = sourcecode.c.h; path = JXPaletteViewController.h; sourceTree = "<group>"; };
		A1A3152E19DEE82800839C7F /* JXPaletteViewController.m */ = {isa = PBXFileReference; fileEncoding = 4; lastKnownFileType = sourcecode.c.objc; path = JXPaletteViewController.m; sourceTree = "<group>"; };
		A1A3152F19DEE82800839C7F /* JXThumbnailViewController.h */ = {isa = PBXFileReference; fileEncoding = 4; lastKnownFileType = sourcecode.c.h; path = JXThumbnailViewController.h; sourceTree = "<group>"; };
		A1A3153019DEE82800839C7F /* JXThumbnailViewController.m */ = {isa = PBXFileReference; fileEncoding = 4; lastKnownFileType = sourcecode.c.objc; path = JXThumbnailViewController.m; sourceTree = "<group>"; };
		A1A3153119DEE82800839C7F /* JXViewController.h */ = {isa = PBXFileReference; fileEncoding = 4; lastKnownFileType = sourcecode.c.h; path = JXViewController.h; sourceTree = "<group>"; };
		A1A3153219DEE82800839C7F /* JXViewController.m */ = {isa = PBXFileReference; fileEncoding = 4; lastKnownFileType = sourcecode.c.objc; path = JXViewController.m; sourceTree = "<group>"; };
/* End PBXFileReference section */

/* Begin PBXFrameworksBuildPhase section */
		A1A314EC19DEE7E200839C7F /* Frameworks */ = {
			isa = PBXFrameworksBuildPhase;
			buildActionMask = 2147483647;
			files = (
				A1A314F519DEE7E200839C7F /* CoreGraphics.framework in Frameworks */,
				A1A314F719DEE7E200839C7F /* UIKit.framework in Frameworks */,
				A1A314F319DEE7E200839C7F /* Foundation.framework in Frameworks */,
			);
			runOnlyForDeploymentPostprocessing = 0;
		};
		A1A3150719DEE7E200839C7F /* Frameworks */ = {
			isa = PBXFrameworksBuildPhase;
			buildActionMask = 2147483647;
			files = (
				A1A3150C19DEE7E200839C7F /* XCTest.framework in Frameworks */,
				A1A3150E19DEE7E200839C7F /* UIKit.framework in Frameworks */,
				A1A3150D19DEE7E200839C7F /* Foundation.framework in Frameworks */,
			);
			runOnlyForDeploymentPostprocessing = 0;
		};
/* End PBXFrameworksBuildPhase section */

/* Begin PBXGroup section */
		A1A314E619DEE7E200839C7F = {
			isa = PBXGroup;
			children = (
				A1A3152119DEE82800839C7F /* Class */,
				A1A314F819DEE7E200839C7F /* JXScrawl */,
				A1A3151119DEE7E200839C7F /* JXScrawlTests */,
				A1A314F119DEE7E200839C7F /* Frameworks */,
				A1A314F019DEE7E200839C7F /* Products */,
			);
			sourceTree = "<group>";
		};
		A1A314F019DEE7E200839C7F /* Products */ = {
			isa = PBXGroup;
			children = (
				A1A314EF19DEE7E200839C7F /* JXScrawl.app */,
				A1A3150A19DEE7E200839C7F /* JXScrawlTests.xctest */,
			);
			name = Products;
			sourceTree = "<group>";
		};
		A1A314F119DEE7E200839C7F /* Frameworks */ = {
			isa = PBXGroup;
			children = (
				A1A314F219DEE7E200839C7F /* Foundation.framework */,
				A1A314F419DEE7E200839C7F /* CoreGraphics.framework */,
				A1A314F619DEE7E200839C7F /* UIKit.framework */,
				A1A3150B19DEE7E200839C7F /* XCTest.framework */,
			);
			name = Frameworks;
			sourceTree = "<group>";
		};
		A1A314F819DEE7E200839C7F /* JXScrawl */ = {
			isa = PBXGroup;
			children = (
				A1A3150119DEE7E200839C7F /* JXAppDelegate.h */,
				A1A3150219DEE7E200839C7F /* JXAppDelegate.m */,
				A1A3150419DEE7E200839C7F /* Images.xcassets */,
				A1A314F919DEE7E200839C7F /* Supporting Files */,
			);
			path = JXScrawl;
			sourceTree = "<group>";
		};
		A1A314F919DEE7E200839C7F /* Supporting Files */ = {
			isa = PBXGroup;
			children = (
				A1A314FA19DEE7E200839C7F /* JXScrawl-Info.plist */,
				A1A314FB19DEE7E200839C7F /* InfoPlist.strings */,
				A1A314FE19DEE7E200839C7F /* main.m */,
				A1A3150019DEE7E200839C7F /* JXScrawl-Prefix.pch */,
			);
			name = "Supporting Files";
			sourceTree = "<group>";
		};
		A1A3151119DEE7E200839C7F /* JXScrawlTests */ = {
			isa = PBXGroup;
			children = (
				A1A3151719DEE7E200839C7F /* JXScrawlTests.m */,
				A1A3151219DEE7E200839C7F /* Supporting Files */,
			);
			path = JXScrawlTests;
			sourceTree = "<group>";
		};
		A1A3151219DEE7E200839C7F /* Supporting Files */ = {
			isa = PBXGroup;
			children = (
				A1A3151319DEE7E200839C7F /* JXScrawlTests-Info.plist */,
				A1A3151419DEE7E200839C7F /* InfoPlist.strings */,
			);
			name = "Supporting Files";
			sourceTree = "<group>";
		};
		A1A3152119DEE82800839C7F /* Class */ = {
			isa = PBXGroup;
			children = (
				A1A3152219DEE82800839C7F /* Context */,
				A1A3152A19DEE82800839C7F /* ViewControllers */,
			);
			path = Class;
			sourceTree = "<group>";
		};
		A1A3152219DEE82800839C7F /* Context */ = {
			isa = PBXGroup;
			children = (
				A1A3152319DEE82800839C7F /* JXDot.h */,
				A1A3152419DEE82800839C7F /* JXDot.m */,
				A1A3152519DEE82800839C7F /* JXMark.h */,
				A1A3152619DEE82800839C7F /* JXStroke.h */,
				A1A3152719DEE82800839C7F /* JXStroke.m */,
				A1A3152819DEE82800839C7F /* JXVertex.h */,
				A1A3152919DEE82800839C7F /* JXVertex.m */,
			);
			path = Context;
			sourceTree = "<group>";
		};
		A1A3152A19DEE82800839C7F /* ViewControllers */ = {
			isa = PBXGroup;
			children = (
				A1A3152B19DEE82800839C7F /* JXCanvasViewController.h */,
				A1A3152C19DEE82800839C7F /* JXCanvasViewController.m */,
				A1A3152D19DEE82800839C7F /* JXPaletteViewController.h */,
				A1A3152E19DEE82800839C7F /* JXPaletteViewController.m */,
				A1A3152F19DEE82800839C7F /* JXThumbnailViewController.h */,
				A1A3153019DEE82800839C7F /* JXThumbnailViewController.m */,
				A1A3153119DEE82800839C7F /* JXViewController.h */,
				A1A3153219DEE82800839C7F /* JXViewController.m */,
			);
			path = ViewControllers;
			sourceTree = "<group>";
		};
/* End PBXGroup section */

/* Begin PBXNativeTarget section */
		A1A314EE19DEE7E200839C7F /* JXScrawl */ = {
			isa = PBXNativeTarget;
			buildConfigurationList = A1A3151B19DEE7E200839C7F /* Build configuration list for PBXNativeTarget "JXScrawl" */;
			buildPhases = (
				A1A314EB19DEE7E200839C7F /* Sources */,
				A1A314EC19DEE7E200839C7F /* Frameworks */,
				A1A314ED19DEE7E200839C7F /* Resources */,
			);
			buildRules = (
			);
			dependencies = (
			);
			name = JXScrawl;
			productName = JXScrawl;
			productReference = A1A314EF19DEE7E200839C7F /* JXScrawl.app */;
			productType = "com.apple.product-type.application";
		};
		A1A3150919DEE7E200839C7F /* JXScrawlTests */ = {
			isa = PBXNativeTarget;
			buildConfigurationList = A1A3151E19DEE7E200839C7F /* Build configuration list for PBXNativeTarget "JXScrawlTests" */;
			buildPhases = (
				A1A3150619DEE7E200839C7F /* Sources */,
				A1A3150719DEE7E200839C7F /* Frameworks */,
				A1A3150819DEE7E200839C7F /* Resources */,
			);
			buildRules = (
			);
			dependencies = (
				A1A3151019DEE7E200839C7F /* PBXTargetDependency */,
			);
			name = JXScrawlTests;
			productName = JXScrawlTests;
			productReference = A1A3150A19DEE7E200839C7F /* JXScrawlTests.xctest */;
			productType = "com.apple.product-type.bundle.unit-test";
		};
/* End PBXNativeTarget section */

/* Begin PBXProject section */
		A1A314E719DEE7E200839C7F /* Project object */ = {
			isa = PBXProject;
			attributes = {
				CLASSPREFIX = JX;
				LastUpgradeCheck = 0510;
				ORGANIZATIONNAME = "Andy Jin";
				TargetAttributes = {
					A1A3150919DEE7E200839C7F = {
						TestTargetID = A1A314EE19DEE7E200839C7F;
					};
				};
			};
			buildConfigurationList = A1A314EA19DEE7E200839C7F /* Build configuration list for PBXProject "JXScrawl" */;
			compatibilityVersion = "Xcode 3.2";
			developmentRegion = English;
			hasScannedForEncodings = 0;
			knownRegions = (
				en,
			);
			mainGroup = A1A314E619DEE7E200839C7F;
			productRefGroup = A1A314F019DEE7E200839C7F /* Products */;
			projectDirPath = "";
			projectRoot = "";
			targets = (
				A1A314EE19DEE7E200839C7F /* JXScrawl */,
				A1A3150919DEE7E200839C7F /* JXScrawlTests */,
			);
		};
/* End PBXProject section */

/* Begin PBXResourcesBuildPhase section */
		A1A314ED19DEE7E200839C7F /* Resources */ = {
			isa = PBXResourcesBuildPhase;
			buildActionMask = 2147483647;
			files = (
				A1A314FD19DEE7E200839C7F /* InfoPlist.strings in Resources */,
				A1A3150519DEE7E200839C7F /* Images.xcassets in Resources */,
			);
			runOnlyForDeploymentPostprocessing = 0;
		};
		A1A3150819DEE7E200839C7F /* Resources */ = {
			isa = PBXResourcesBuildPhase;
			buildActionMask = 2147483647;
			files = (
				A1A3151619DEE7E200839C7F /* InfoPlist.strings in Resources */,
			);
			runOnlyForDeploymentPostprocessing = 0;
		};
/* End PBXResourcesBuildPhase section */

/* Begin PBXSourcesBuildPhase section */
		A1A314EB19DEE7E200839C7F /* Sources */ = {
			isa = PBXSourcesBuildPhase;
			buildActionMask = 2147483647;
			files = (
				A1A3153819DEE82800839C7F /* JXThumbnailViewController.m in Sources */,
				A1A3153519DEE82800839C7F /* JXVertex.m in Sources */,
				A1A3153919DEE82800839C7F /* JXViewController.m in Sources */,
				A1A3153619DEE82800839C7F /* JXCanvasViewController.m in Sources */,
				A1A3153419DEE82800839C7F /* JXStroke.m in Sources */,
				A1A3150319DEE7E200839C7F /* JXAppDelegate.m in Sources */,
				A1A3153319DEE82800839C7F /* JXDot.m in Sources */,
				A1A314FF19DEE7E200839C7F /* main.m in Sources */,
				A1A3153719DEE82800839C7F /* JXPaletteViewController.m in Sources */,
			);
			runOnlyForDeploymentPostprocessing = 0;
		};
		A1A3150619DEE7E200839C7F /* Sources */ = {
			isa = PBXSourcesBuildPhase;
			buildActionMask = 2147483647;
			files = (
				A1A3151819DEE7E200839C7F /* JXScrawlTests.m in Sources */,
			);
			runOnlyForDeploymentPostprocessing = 0;
		};
/* End PBXSourcesBuildPhase section */

/* Begin PBXTargetDependency section */
		A1A3151019DEE7E200839C7F /* PBXTargetDependency */ = {
			isa = PBXTargetDependency;
			target = A1A314EE19DEE7E200839C7F /* JXScrawl */;
			targetProxy = A1A3150F19DEE7E200839C7F /* PBXContainerItemProxy */;
		};
/* End PBXTargetDependency section */

/* Begin PBXVariantGroup section */
		A1A314FB19DEE7E200839C7F /* InfoPlist.strings */ = {
			isa = PBXVariantGroup;
			children = (
				A1A314FC19DEE7E200839C7F /* en */,
			);
			name = InfoPlist.strings;
			sourceTree = "<group>";
		};
		A1A3151419DEE7E200839C7F /* InfoPlist.strings */ = {
			isa = PBXVariantGroup;
			children = (
				A1A3151519DEE7E200839C7F /* en */,
			);
			name = InfoPlist.strings;
			sourceTree = "<group>";
		};
/* End PBXVariantGroup section */

/* Begin XCBuildConfiguration section */
		A1A3151919DEE7E200839C7F /* Debug */ = {
			isa = XCBuildConfiguration;
			buildSettings = {
				ALWAYS_SEARCH_USER_PATHS = NO;
				CLANG_CXX_LANGUAGE_STANDARD = "gnu++0x";
				CLANG_CXX_LIBRARY = "libc++";
				CLANG_ENABLE_MODULES = YES;
				CLANG_ENABLE_OBJC_ARC = YES;
				CLANG_WARN_BOOL_CONVERSION = YES;
				CLANG_WARN_CONSTANT_CONVERSION = YES;
				CLANG_WARN_DIRECT_OBJC_ISA_USAGE = YES_ERROR;
				CLANG_WARN_EMPTY_BODY = YES;
				CLANG_WARN_ENUM_CONVERSION = YES;
				CLANG_WARN_INT_CONVERSION = YES;
				CLANG_WARN_OBJC_ROOT_CLASS = YES_ERROR;
				CLANG_WARN__DUPLICATE_METHOD_MATCH = YES;
				"CODE_SIGN_IDENTITY[sdk=iphoneos*]" = "iPhone Developer";
				COPY_PHASE_STRIP = NO;
				GCC_C_LANGUAGE_STANDARD = gnu99;
				GCC_DYNAMIC_NO_PIC = NO;
				GCC_OPTIMIZATION_LEVEL = 0;
				GCC_PREPROCESSOR_DEFINITIONS = (
					"DEBUG=1",
					"$(inherited)",
				);
				GCC_SYMBOLS_PRIVATE_EXTERN = NO;
				GCC_WARN_64_TO_32_BIT_CONVERSION = YES;
				GCC_WARN_ABOUT_RETURN_TYPE = YES_ERROR;
				GCC_WARN_UNDECLARED_SELECTOR = YES;
				GCC_WARN_UNINITIALIZED_AUTOS = YES_AGGRESSIVE;
				GCC_WARN_UNUSED_FUNCTION = YES;
				GCC_WARN_UNUSED_VARIABLE = YES;
				IPHONEOS_DEPLOYMENT_TARGET = 7.1;
				ONLY_ACTIVE_ARCH = YES;
				SDKROOT = iphoneos;
				TARGETED_DEVICE_FAMILY = "1,2";
			};
			name = Debug;
		};
		A1A3151A19DEE7E200839C7F /* Release */ = {
			isa = XCBuildConfiguration;
			buildSettings = {
				ALWAYS_SEARCH_USER_PATHS = NO;
				CLANG_CXX_LANGUAGE_STANDARD = "gnu++0x";
				CLANG_CXX_LIBRARY = "libc++";
				CLANG_ENABLE_MODULES = YES;
				CLANG_ENABLE_OBJC_ARC = YES;
				CLANG_WARN_BOOL_CONVERSION = YES;
				CLANG_WARN_CONSTANT_CONVERSION = YES;
				CLANG_WARN_DIRECT_OBJC_ISA_USAGE = YES_ERROR;
				CLANG_WARN_EMPTY_BODY = YES;
				CLANG_WARN_ENUM_CONVERSION = YES;
				CLANG_WARN_INT_CONVERSION = YES;
				CLANG_WARN_OBJC_ROOT_CLASS = YES_ERROR;
				CLANG_WARN__DUPLICATE_METHOD_MATCH = YES;
				"CODE_SIGN_IDENTITY[sdk=iphoneos*]" = "iPhone Developer";
				COPY_PHASE_STRIP = YES;
				ENABLE_NS_ASSERTIONS = NO;
				GCC_C_LANGUAGE_STANDARD = gnu99;
				GCC_WARN_64_TO_32_BIT_CONVERSION = YES;
				GCC_WARN_ABOUT_RETURN_TYPE = YES_ERROR;
				GCC_WARN_UNDECLARED_SELECTOR = YES;
				GCC_WARN_UNINITIALIZED_AUTOS = YES_AGGRESSIVE;
				GCC_WARN_UNUSED_FUNCTION = YES;
				GCC_WARN_UNUSED_VARIABLE = YES;
				IPHONEOS_DEPLOYMENT_TARGET = 7.1;
				SDKROOT = iphoneos;
				TARGETED_DEVICE_FAMILY = "1,2";
				VALIDATE_PRODUCT = YES;
			};
			name = Release;
		};
		A1A3151C19DEE7E200839C7F /* Debug */ = {
			isa = XCBuildConfiguration;
			buildSettings = {
				ASSETCATALOG_COMPILER_APPICON_NAME = AppIcon;
				ASSETCATALOG_COMPILER_LAUNCHIMAGE_NAME = LaunchImage;
				GCC_PRECOMPILE_PREFIX_HEADER = YES;
				GCC_PREFIX_HEADER = "JXScrawl/JXScrawl-Prefix.pch";
				INFOPLIST_FILE = "JXScrawl/JXScrawl-Info.plist";
				PRODUCT_NAME = "$(TARGET_NAME)";
				WRAPPER_EXTENSION = app;
			};
			name = Debug;
		};
		A1A3151D19DEE7E200839C7F /* Release */ = {
			isa = XCBuildConfiguration;
			buildSettings = {
				ASSETCATALOG_COMPILER_APPICON_NAME = AppIcon;
				ASSETCATALOG_COMPILER_LAUNCHIMAGE_NAME = LaunchImage;
				GCC_PRECOMPILE_PREFIX_HEADER = YES;
				GCC_PREFIX_HEADER = "JXScrawl/JXScrawl-Prefix.pch";
				INFOPLIST_FILE = "JXScrawl/JXScrawl-Info.plist";
				PRODUCT_NAME = "$(TARGET_NAME)";
				WRAPPER_EXTENSION = app;
			};
			name = Release;
		};
		A1A3151F19DEE7E200839C7F /* Debug */ = {
			isa = XCBuildConfiguration;
			buildSettings = {
				BUNDLE_LOADER = "$(BUILT_PRODUCTS_DIR)/JXScrawl.app/JXScrawl";
				FRAMEWORK_SEARCH_PATHS = (
					"$(SDKROOT)/Developer/Library/Frameworks",
					"$(inherited)",
					"$(DEVELOPER_FRAMEWORKS_DIR)",
				);
				GCC_PRECOMPILE_PREFIX_HEADER = YES;
				GCC_PREFIX_HEADER = "JXScrawl/JXScrawl-Prefix.pch";
				GCC_PREPROCESSOR_DEFINITIONS = (
					"DEBUG=1",
					"$(inherited)",
				);
				INFOPLIST_FILE = "JXScrawlTests/JXScrawlTests-Info.plist";
				PRODUCT_NAME = "$(TARGET_NAME)";
				TEST_HOST = "$(BUNDLE_LOADER)";
				WRAPPER_EXTENSION = xctest;
			};
			name = Debug;
		};
		A1A3152019DEE7E200839C7F /* Release */ = {
			isa = XCBuildConfiguration;
			buildSettings = {
				BUNDLE_LOADER = "$(BUILT_PRODUCTS_DIR)/JXScrawl.app/JXScrawl";
				FRAMEWORK_SEARCH_PATHS = (
					"$(SDKROOT)/Developer/Library/Frameworks",
					"$(inherited)",
					"$(DEVELOPER_FRAMEWORKS_DIR)",
				);
				GCC_PRECOMPILE_PREFIX_HEADER = YES;
				GCC_PREFIX_HEADER = "JXScrawl/JXScrawl-Prefix.pch";
				INFOPLIST_FILE = "JXScrawlTests/JXScrawlTests-Info.plist";
				PRODUCT_NAME = "$(TARGET_NAME)";
				TEST_HOST = "$(BUNDLE_LOADER)";
				WRAPPER_EXTENSION = xctest;
			};
			name = Release;
		};
/* End XCBuildConfiguration section */

/* Begin XCConfigurationList section */
		A1A314EA19DEE7E200839C7F /* Build configuration list for PBXProject "JXScrawl" */ = {
			isa = XCConfigurationList;
			buildConfigurations = (
				A1A3151919DEE7E200839C7F /* Debug */,
				A1A3151A19DEE7E200839C7F /* Release */,
			);
			defaultConfigurationIsVisible = 0;
			defaultConfigurationName = Release;
		};
		A1A3151B19DEE7E200839C7F /* Build configuration list for PBXNativeTarget "JXScrawl" */ = {
			isa = XCConfigurationList;
			buildConfigurations = (
				A1A3151C19DEE7E200839C7F /* Debug */,
				A1A3151D19DEE7E200839C7F /* Release */,
			);
			defaultConfigurationIsVisible = 0;
			defaultConfigurationName = Release;
		};
		A1A3151E19DEE7E200839C7F /* Build configuration list for PBXNativeTarget "JXScrawlTests" */ = {
			isa = XCConfigurationList;
			buildConfigurations = (
				A1A3151F19DEE7E200839C7F /* Debug */,
				A1A3152019DEE7E200839C7F /* Release */,
			);
			defaultConfigurationIsVisible = 0;
			defaultConfigurationName = Release;
		};
/* End XCConfigurationList section */
	};
	rootObject = A1A314E719DEE7E200839C7F /* Project object */;
}
